
Microsoft Visual Studio Solution File, Format Version 12.00
# Visual Studio Version 16
VisualStudioVersion = 16.0.30717.126
MinimumVisualStudioVersion = 10.0.40219.1
Project("{FAE04EC0-301F-11D3-BF4B-00C04F79EFBC}") = "Security1", "Security1\Security1.csproj", "{F394187C-3991-4122-81E6-3BCF7F436AE8}"
EndProject
Global
	GlobalSection(SolutionConfigurationPlatforms) = preSolution
		Debug|Any CPU = Debug|Any CPU
		Release|Any CPU = Release|Any CPU
	EndGlobalSection
	GlobalSection(ProjectConfigurationPlatforms) = postSolution
		{F394187C-3991-4122-81E6-3BCF7F436AE8}.Debug|Any CPU.ActiveCfg = Debug|Any CPU
		{F394187C-3991-4122-81E6-3BCF7F436AE8}.Debug|Any CPU.Build.0 = Debug|Any CPU
		{F394187C-3991-4122-81E6-3BCF7F436AE8}.Release|Any CPU.ActiveCfg = Release|Any CPU
		{F394187C-3991-4122-81E6-3BCF7F436AE8}.Release|Any CPU.Build.0 = Release|Any CPU
	EndGlobalSection
	GlobalSection(SolutionProperties) = preSolution
		HideSolutionNode = FALSE
	EndGlobalSection
	GlobalSection(ExtensibilityGlobals) = postSolution
		SolutionGuid = {5EF78C08-3C9D-4A49-899B-BBA275983899}
	EndGlobalSection
EndGlobal
